
Microsoft Visual Studio Solution File, Format Version 12.00
# Visual Studio 2013
VisualStudioVersion = 12.0.21005.1
MinimumVisualStudioVersion = 10.0.40219.1
Project("{FAE04EC0-301F-11D3-BF4B-00C04F79EFBC}") = "AdatKezelő", "AdatKezelő\AdatKezelő.csproj", "{BCD42CEC-40D4-4155-BF50-53CA11492262}"
EndProject
Project("{FAE04EC0-301F-11D3-BF4B-00C04F79EFBC}") = "Csillám_kezelőfelület", "Csillám_kezelőfelület\Csillám_kezelőfelület.csproj", "{D1E9B1C7-FD02-43DE-A3CF-5130376FF0BD}"
EndProject
Project("{FAE04EC0-301F-11D3-BF4B-00C04F79EFBC}") = "AdatKezelőTeszt", "AdatKezelőTeszt\AdatKezelőTeszt.csproj", "{4EF22C2D-8A48-4156-9458-AC4AC21774B4}"
EndProject
Project("{FAE04EC0-301F-11D3-BF4B-00C04F79EFBC}") = "csillamponiService", "csillamponiService\csillamponiService.csproj", "{F92A234B-CE91-45DB-A34E-F19163AC7B41}"
EndProject
Global
	GlobalSection(SolutionConfigurationPlatforms) = preSolution
		Debug|Any CPU = Debug|Any CPU
		Release|Any CPU = Release|Any CPU
	EndGlobalSection
	GlobalSection(ProjectConfigurationPlatforms) = postSolution
		{BCD42CEC-40D4-4155-BF50-53CA11492262}.Debug|Any CPU.ActiveCfg = Debug|Any CPU
		{BCD42CEC-40D4-4155-BF50-53CA11492262}.Debug|Any CPU.Build.0 = Debug|Any CPU
		{BCD42CEC-40D4-4155-BF50-53CA11492262}.Release|Any CPU.ActiveCfg = Release|Any CPU
		{BCD42CEC-40D4-4155-BF50-53CA11492262}.Release|Any CPU.Build.0 = Release|Any CPU
		{D1E9B1C7-FD02-43DE-A3CF-5130376FF0BD}.Debug|Any CPU.ActiveCfg = Debug|Any CPU
		{D1E9B1C7-FD02-43DE-A3CF-5130376FF0BD}.Debug|Any CPU.Build.0 = Debug|Any CPU
		{D1E9B1C7-FD02-43DE-A3CF-5130376FF0BD}.Release|Any CPU.ActiveCfg = Release|Any CPU
		{D1E9B1C7-FD02-43DE-A3CF-5130376FF0BD}.Release|Any CPU.Build.0 = Release|Any CPU
		{4EF22C2D-8A48-4156-9458-AC4AC21774B4}.Debug|Any CPU.ActiveCfg = Debug|Any CPU
		{4EF22C2D-8A48-4156-9458-AC4AC21774B4}.Debug|Any CPU.Build.0 = Debug|Any CPU
		{4EF22C2D-8A48-4156-9458-AC4AC21774B4}.Release|Any CPU.ActiveCfg = Release|Any CPU
		{4EF22C2D-8A48-4156-9458-AC4AC21774B4}.Release|Any CPU.Build.0 = Release|Any CPU
		{F92A234B-CE91-45DB-A34E-F19163AC7B41}.Debug|Any CPU.ActiveCfg = Debug|Any CPU
		{F92A234B-CE91-45DB-A34E-F19163AC7B41}.Debug|Any CPU.Build.0 = Debug|Any CPU
		{F92A234B-CE91-45DB-A34E-F19163AC7B41}.Release|Any CPU.ActiveCfg = Release|Any CPU
		{F92A234B-CE91-45DB-A34E-F19163AC7B41}.Release|Any CPU.Build.0 = Release|Any CPU
	EndGlobalSection
	GlobalSection(SolutionProperties) = preSolution
		HideSolutionNode = FALSE
	EndGlobalSection
EndGlobal
